Microsoft Visual Studio Solution File, Format Version 11.00
# Visual Studio 2008

Project("{003DA708-7C53-1455-52FB-CAAAFC403ADD}") = "Wai`Opae_project", "Assembly-CSharp.csproj", "{71E56A36-F114-684B-AAEC-041B60A0B66B}"
EndProject
Global
	GlobalSection(SolutionConfigurationPlatforms) = preSolution
		Debug|Any CPU = Debug|Any CPU
		Release|Any CPU = Release|Any CPU
	EndGlobalSection
	GlobalSection(ProjectConfigurationPlatforms) = postSolution
		{71E56A36-F114-684B-AAEC-041B60A0B66B}.Debug|Any CPU.ActiveCfg = Debug|Any CPU
		{71E56A36-F114-684B-AAEC-041B60A0B66B}.Debug|Any CPU.Build.0 = Debug|Any CPU
		{71E56A36-F114-684B-AAEC-041B60A0B66B}.Release|Any CPU.ActiveCfg = Release|Any CPU
		{71E56A36-F114-684B-AAEC-041B60A0B66B}.Release|Any CPU.Build.0 = Release|Any CPU
	EndGlobalSection
	GlobalSection(SolutionProperties) = preSolution
		HideSolutionNode = FALSE
	EndGlobalSection
	GlobalSection(MonoDevelopProperties) = preSolution
		StartupItem = Assembly-CSharp.csproj
	EndGlobalSection
EndGlobal
